# This file is autogenerated, do not edit; changes may be undone by the next 'dep ensure'.


[[projects]]
  digest = "1:0ea8bf8ffa04c2f24cc7edca356f02df9e66d6230bbd77f5984adc55319e400b"
  name = "github.com/bogem/id3v2"
  packages = ["."]
  pruneopts = "UT"
  revision = "c8c2e7f95f57e21e6f6add5405f9e5e22746b583"
  version = "v1.1.1"

[[projects]]
  branch = "master"
  digest = "1:891fcfe9d7db88459b4582a52fcba2f8a6da8065700902e09813ea01bd7d4c17"
  name = "github.com/djimenez/iconv-go"
  packages = ["."]
  pruneopts = "UT"
  revision = "8960e66bd3dacbc8773962b40eb82fc18c63c127"

[[projects]]
  branch = "master"
  digest = "1:4e6d6cb76aad8cb46dd775fe33ac1c0360f0c528ee091ff8aac2432c4968d351"
  name = "github.com/everdev/mack"
  packages = ["."]
  pruneopts = "UT"
  revision = "83ad607f6010022cba72d751587439fd79277cc9"

[[projects]]
  digest = "1:870d441fe217b8e689d7949fef6e43efbc787e50f200cb1e70dbca9204a1d6be"
  name = "github.com/inconshreveable/mousetrap"
  packages = ["."]
  pruneopts = "UT"
  revision = "76626ae9c91c4f2a10f34cad8ce83ea42c93bb75"
  version = "v1.0"

[[projects]]
  branch = "master"
  digest = "1:2edaefcd8d907bb3dc42b232b51e38860b9f1bb5c502717aac4690aa860cd0bc"
  name = "github.com/mikkyang/id3-go"
  packages = [
    ".",
    "encodedbytes",
    "v1",
    "v2",
  ]
  pruneopts = "UT"
  revision = "0168d962f1d773af3e29867138593203b653782e"

[[projects]]
  digest = "1:e096613fb7cf34743d49af87d197663cfccd61876e2219853005a57baedfa562"
  name = "github.com/spf13/cobra"
  packages = ["."]
  pruneopts = "UT"
  revision = "f2b07da1e2c38d5f12845a4f607e2e1018cbb1f5"
  version = "v0.0.5"

[[projects]]
  digest = "1:c1b1102241e7f645bc8e0c22ae352e8f0dc6484b6cb4d132fa9f24174e0119e2"
  name = "github.com/spf13/pflag"
  packages = ["."]
  pruneopts = "UT"
  revision = "298182f68c66c05229eb03ac171abe6e309ee79a"
  version = "v1.0.3"

[[projects]]
  digest = "1:75f95b3d3c735d31d24e0efc9e544eec35b93f406c1423f056cdd5e1ce0ac42a"
  name = "golang.org/x/text"
  packages = [
    "encoding",
    "encoding/charmap",
    "encoding/internal",
    "encoding/internal/identifier",
    "encoding/unicode",
    "internal/gen",
    "internal/utf8internal",
    "runes",
    "transform",
    "unicode/cldr",
  ]
  pruneopts = "UT"
  revision = "342b2e1fbaa52c93f31447ad2c6abc048c63e475"
  version = "v0.3.2"

[solve-meta]
  analyzer-name = "dep"
  analyzer-version = 1
  input-imports = [
    "github.com/bogem/id3v2",
    "github.com/everdev/mack",
    "github.com/mikkyang/id3-go",
    "github.com/spf13/cobra",
  ]
  solver-name = "gps-cdcl"
  solver-version = 1
