# This file is autogenerated, do not edit; changes may be undone by the next 'dep ensure'.


[[projects]]
  digest = "1:6dee9a9d22905db564a614779446cfc68d61c65b24400efe7112109dae14eccf"
  name = "github.com/bogem/id3v2"
  packages = ["."]
  pruneopts = "UT"
  revision = "8403eb1ef13ff7da9c23004cfc2fd8b9c6f6c7b0"
  version = "v1.2.0"

[[projects]]
  branch = "master"
  digest = "1:891fcfe9d7db88459b4582a52fcba2f8a6da8065700902e09813ea01bd7d4c17"
  name = "github.com/djimenez/iconv-go"
  packages = ["."]
  pruneopts = "UT"
  revision = "8960e66bd3dacbc8773962b40eb82fc18c63c127"

[[projects]]
  branch = "master"
  digest = "1:0463822dc2da371979a477b1228d2b9b395382ff9b67c35fffdbdc25a4257c87"
  name = "github.com/everdev/mack"
  packages = ["."]
  pruneopts = "UT"
  revision = "15be3d47cc5486b94cb9c49a967c8343851e72ca"

[[projects]]
  digest = "1:870d441fe217b8e689d7949fef6e43efbc787e50f200cb1e70dbca9204a1d6be"
  name = "github.com/inconshreveable/mousetrap"
  packages = ["."]
  pruneopts = "UT"
  revision = "76626ae9c91c4f2a10f34cad8ce83ea42c93bb75"
  version = "v1.0"

[[projects]]
  branch = "master"
  digest = "1:872d74a3edeb9608156a8d231a0adb629778942e1bcaeda715bf0c5749d6dc51"
  name = "github.com/mikkyang/id3-go"
  packages = [
    ".",
    "encodedbytes",
    "v1",
    "v2",
  ]
  pruneopts = "UT"
  revision = "2c6ab3bb1fbdd007e21aebfb56a4f652ecdf7fc3"

[[projects]]
  digest = "1:1e80255eea46af2e2db7da90f95e4b5cfe84f3b58d9a8598ec35b0f2a75c60e4"
  name = "github.com/spf13/cobra"
  packages = ["."]
  pruneopts = "UT"
  revision = "6607e6b8603f56adb027298ee6695e06ffb3a819"
  version = "0.0.7"

[[projects]]
  digest = "1:524b71991fc7d9246cc7dc2d9e0886ccb97648091c63e30eef619e6862c955dd"
  name = "github.com/spf13/pflag"
  packages = ["."]
  pruneopts = "UT"
  revision = "2e9d26c8c37aae03e3f9d4e90b7116f5accb7cab"
  version = "v1.0.5"

[[projects]]
  digest = "1:d643c9cca50b55140470fd91b43d211f47c27450f1508b645cc548532de9d162"
  name = "golang.org/x/text"
  packages = [
    "encoding",
    "encoding/charmap",
    "encoding/internal",
    "encoding/internal/identifier",
    "encoding/unicode",
    "internal/gen",
    "internal/utf8internal",
    "runes",
    "transform",
    "unicode/cldr",
  ]
  pruneopts = "UT"
  revision = "22f1617af38ed4cd65b3b96e02bab267e560155c"
  version = "v0.3.4"

[solve-meta]
  analyzer-name = "dep"
  analyzer-version = 1
  input-imports = [
    "github.com/bogem/id3v2",
    "github.com/everdev/mack",
    "github.com/mikkyang/id3-go",
    "github.com/spf13/cobra",
  ]
  solver-name = "gps-cdcl"
  solver-version = 1
